
Microsoft Visual Studio Solution File, Format Version 12.00
# Visual Studio Version 16
VisualStudioVersion = 16.0.31410.357
MinimumVisualStudioVersion = 10.0.40219.1
Project("{888888A0-9F3D-457C-B088-3A5042F75D52}") = "Kitap Konusu", "Kitap Konusu\Kitap Konusu.pyproj", "{C6683911-4D82-43A5-ACA4-6CB528DB7A94}"
EndProject
Global
	GlobalSection(SolutionConfigurationPlatforms) = preSolution
		Debug|Any CPU = Debug|Any CPU
		Release|Any CPU = Release|Any CPU
	EndGlobalSection
	GlobalSection(ProjectConfigurationPlatforms) = postSolution
		{C6683911-4D82-43A5-ACA4-6CB528DB7A94}.Debug|Any CPU.ActiveCfg = Debug|Any CPU
		{C6683911-4D82-43A5-ACA4-6CB528DB7A94}.Release|Any CPU.ActiveCfg = Release|Any CPU
	EndGlobalSection
	GlobalSection(SolutionProperties) = preSolution
		HideSolutionNode = FALSE
	EndGlobalSection
	GlobalSection(ExtensibilityGlobals) = postSolution
		SolutionGuid = {BEBD1572-FA0F-478E-A809-3531AB95F37B}
	EndGlobalSection
EndGlobal
